# THIS IS AN AUTOGENERATED FILE. DO NOT EDIT THIS FILE DIRECTLY.
# yarn lockfile v1


html2json@^1.0.2:
  version "1.0.2"
  resolved "https://registry.yarnpkg.com/html2json/-/html2json-1.0.2.tgz#c9d6d202fa65402386c202b345cf51bce80ed1ef"
  integrity sha1-ydbSAvplQCOGwgKzRc9RvOgO0e8=

nodemailer@^5.1.1:
  version "5.1.1"
  resolved "https://registry.yarnpkg.com/nodemailer/-/nodemailer-5.1.1.tgz#0c48d1ecab02e86d9ff6c620ee75ed944b763505"
  integrity sha512-hKGCoeNdFL2W7S76J/Oucbw0/qRlfG815tENdhzcqTpSjKgAN91mFOqU2lQUflRRxFM7iZvCyaFcAR9noc/CqQ==

traverse@^0.6.6:
  version "0.6.6"
  resolved "https://registry.yarnpkg.com/traverse/-/traverse-0.6.6.tgz#cbdf560fd7b9af632502fed40f918c157ea97137"
  integrity sha1-y99WD9e5r2MlAv7UD5GMFX6pcTc=
